
Microsoft Visual Studio Solution File, Format Version 12.00
# Visual Studio Version 17
VisualStudioVersion = 17.11.35312.102
MinimumVisualStudioVersion = 10.0.40219.1
Project("{FAE04EC0-301F-11D3-BF4B-00C04F79EFBC}") = "WindowsFormsApp1", "WindowsFormsApp1\WindowsFormsApp1.csproj", "{B9A14BEE-68D9-4E6F-9ED6-D29147297CBA}"
EndProject
Global
	GlobalSection(SolutionConfigurationPlatforms) = preSolution
		Debug|Any CPU = Debug|Any CPU
		Release|Any CPU = Release|Any CPU
	EndGlobalSection
	GlobalSection(ProjectConfigurationPlatforms) = postSolution
		{B9A14BEE-68D9-4E6F-9ED6-D29147297CBA}.Debug|Any CPU.ActiveCfg = Debug|Any CPU
		{B9A14BEE-68D9-4E6F-9ED6-D29147297CBA}.Debug|Any CPU.Build.0 = Debug|Any CPU
		{B9A14BEE-68D9-4E6F-9ED6-D29147297CBA}.Release|Any CPU.ActiveCfg = Release|Any CPU
		{B9A14BEE-68D9-4E6F-9ED6-D29147297CBA}.Release|Any CPU.Build.0 = Release|Any CPU
	EndGlobalSection
	GlobalSection(SolutionProperties) = preSolution
		HideSolutionNode = FALSE
	EndGlobalSection
	GlobalSection(ExtensibilityGlobals) = postSolution
		SolutionGuid = {6116A071-7B44-42B2-8DFE-CDF2E5690CC6}
	EndGlobalSection
EndGlobal
